
Microsoft Visual Studio Solution File, Format Version 12.00
# Visual Studio 15
VisualStudioVersion = 15.0.27130.2036
MinimumVisualStudioVersion = 10.0.40219.1
Project("{FAE04EC0-301F-11D3-BF4B-00C04F79EFBC}") = "GIEX", "GIEX\GIEX.csproj", "{7E13055E-C626-4268-A282-8B796EB67C1F}"
EndProject
Project("{FAE04EC0-301F-11D3-BF4B-00C04F79EFBC}") = "GIEX.Tests", "GIEX.Tests\GIEX.Tests.csproj", "{B07E9CA6-7E63-471B-8288-8E244CA07B87}"
EndProject
Global
	GlobalSection(SolutionConfigurationPlatforms) = preSolution
		Debug|Any CPU = Debug|Any CPU
		Release|Any CPU = Release|Any CPU
	EndGlobalSection
	GlobalSection(ProjectConfigurationPlatforms) = postSolution
		{7E13055E-C626-4268-A282-8B796EB67C1F}.Debug|Any CPU.ActiveCfg = Debug|Any CPU
		{7E13055E-C626-4268-A282-8B796EB67C1F}.Debug|Any CPU.Build.0 = Debug|Any CPU
		{7E13055E-C626-4268-A282-8B796EB67C1F}.Release|Any CPU.ActiveCfg = Release|Any CPU
		{7E13055E-C626-4268-A282-8B796EB67C1F}.Release|Any CPU.Build.0 = Release|Any CPU
		{B07E9CA6-7E63-471B-8288-8E244CA07B87}.Debug|Any CPU.ActiveCfg = Debug|Any CPU
		{B07E9CA6-7E63-471B-8288-8E244CA07B87}.Debug|Any CPU.Build.0 = Debug|Any CPU
		{B07E9CA6-7E63-471B-8288-8E244CA07B87}.Release|Any CPU.ActiveCfg = Release|Any CPU
		{B07E9CA6-7E63-471B-8288-8E244CA07B87}.Release|Any CPU.Build.0 = Release|Any CPU
	EndGlobalSection
	GlobalSection(SolutionProperties) = preSolution
		HideSolutionNode = FALSE
	EndGlobalSection
	GlobalSection(ExtensibilityGlobals) = postSolution
		SolutionGuid = {D73FD712-D492-4BB7-9CA5-94A9C54A2A36}
	EndGlobalSection
EndGlobal
